
Microsoft Visual Studio Solution File, Format Version 12.00
# Visual Studio 15
VisualStudioVersion = 15.0.28307.960
MinimumVisualStudioVersion = 10.0.40219.1
Project("{8BC9CEB8-8B4A-11D0-8D11-00A0C91BC942}") = "proj_test", "proj_test\proj_test.vcxproj", "{1D01F175-6A70-484C-8C1A-27C071B1F087}"
EndProject
Project("{8BC9CEB8-8B4A-11D0-8D11-00A0C91BC942}") = "proj_demo", "proj_demo\proj_demo.vcxproj", "{F420F780-8093-40F5-826C-0605F87D8053}"
EndProject
Project("{8BC9CEB8-8B4A-11D0-8D11-00A0C91BC942}") = "DataManager", "DataManager\DataManager.vcxproj", "{B12702AD-ABFB-343A-A199-8E24837244A3}"
EndProject
Project("{8BC9CEB8-8B4A-11D0-8D11-00A0C91BC942}") = "DefineProfileTest", "DefineProfileTest\DefineProfileTest.vcxproj", "{F89924A4-9641-4D18-B8A7-3899FB65CA4E}"
EndProject
Global
	GlobalSection(SolutionConfigurationPlatforms) = preSolution
		Debug|x64 = Debug|x64
		Release|x64 = Release|x64
	EndGlobalSection
	GlobalSection(ProjectConfigurationPlatforms) = postSolution
		{1D01F175-6A70-484C-8C1A-27C071B1F087}.Debug|x64.ActiveCfg = Debug|x64
		{1D01F175-6A70-484C-8C1A-27C071B1F087}.Debug|x64.Build.0 = Debug|x64
		{1D01F175-6A70-484C-8C1A-27C071B1F087}.Release|x64.ActiveCfg = Release|x64
		{1D01F175-6A70-484C-8C1A-27C071B1F087}.Release|x64.Build.0 = Release|x64
		{F420F780-8093-40F5-826C-0605F87D8053}.Debug|x64.ActiveCfg = Debug|x64
		{F420F780-8093-40F5-826C-0605F87D8053}.Debug|x64.Build.0 = Debug|x64
		{F420F780-8093-40F5-826C-0605F87D8053}.Release|x64.ActiveCfg = Release|x64
		{F420F780-8093-40F5-826C-0605F87D8053}.Release|x64.Build.0 = Release|x64
		{B12702AD-ABFB-343A-A199-8E24837244A3}.Debug|x64.ActiveCfg = Debug|x64
		{B12702AD-ABFB-343A-A199-8E24837244A3}.Debug|x64.Build.0 = Debug|x64
		{B12702AD-ABFB-343A-A199-8E24837244A3}.Release|x64.ActiveCfg = Release|x64
		{B12702AD-ABFB-343A-A199-8E24837244A3}.Release|x64.Build.0 = Release|x64
		{F89924A4-9641-4D18-B8A7-3899FB65CA4E}.Debug|x64.ActiveCfg = Debug|x64
		{F89924A4-9641-4D18-B8A7-3899FB65CA4E}.Debug|x64.Build.0 = Debug|x64
		{F89924A4-9641-4D18-B8A7-3899FB65CA4E}.Release|x64.ActiveCfg = Release|x64
		{F89924A4-9641-4D18-B8A7-3899FB65CA4E}.Release|x64.Build.0 = Release|x64
	EndGlobalSection
	GlobalSection(SolutionProperties) = preSolution
		HideSolutionNode = FALSE
	EndGlobalSection
	GlobalSection(ExtensibilityGlobals) = postSolution
		SolutionGuid = {0471D36C-C1DD-4EAD-A10C-C829860B6A81}
	EndGlobalSection
EndGlobal
